Microsoft Visual Studio Solution File, Format Version 12.00
# Visual Studio 2013
Project("{FAE04EC0-301F-11D3-BF4B-00C04F79EFBC}") = "SqlGeometry", "SqlGeometry\SqlGeometry.csproj", "{EEA457D5-B737-4C95-BD0F-439C76EEC984}"
EndProject
Global
	GlobalSection(SolutionConfigurationPlatforms) = preSolution
		Debug|Any CPU = Debug|Any CPU
		Release|Any CPU = Release|Any CPU
	EndGlobalSection
	GlobalSection(ProjectConfigurationPlatforms) = postSolution
		{EEA457D5-B737-4C95-BD0F-439C76EEC984}.Debug|Any CPU.ActiveCfg = Debug|Any CPU
		{EEA457D5-B737-4C95-BD0F-439C76EEC984}.Debug|Any CPU.Build.0 = Debug|Any CPU
		{EEA457D5-B737-4C95-BD0F-439C76EEC984}.Release|Any CPU.ActiveCfg = Release|Any CPU
		{EEA457D5-B737-4C95-BD0F-439C76EEC984}.Release|Any CPU.Build.0 = Release|Any CPU
	EndGlobalSection
	GlobalSection(SolutionProperties) = preSolution
		HideSolutionNode = FALSE
	EndGlobalSection
EndGlobal
